<?xml version="1.0" encoding="utf-8"?>
<Project ToolsVersion="4.0" xmlns="http://schemas.microsoft.com/developer/msbuild/2003">
  <ItemGroup>
    <ClInclude Include="pch.h" />
    <ClInclude Include="Foo.h" />
    <ClInclude Include="SList.h" />
    <ClInclude Include="Vector.h" />
    <ClInclude Include="ReservationFunctor.h" />
    <ClInclude Include="Stack.h" />
    <ClInclude Include="Hashmap.h" />
    <ClInclude Include="DefaultHashFunctor.h" />
    <ClInclude Include="EqualityFunctor.h" />
    <ClInclude Include="Datum.h" />
    <ClInclude Include="Scope.h" />
    <ClInclude Include="Attributed.h" />
    <ClInclude Include="IXmlParseHelper.h" />
    <ClInclude Include="XmlParseMaster.h" />
    <ClInclude Include="XmlTableParser.h" />
    <ClInclude Include="Factory.h" />
    <ClInclude Include="Sector.h" />
    <ClInclude Include="WorldState.h" />
    <ClInclude Include="World.h" />
    <ClInclude Include="GameClock.h" />
    <ClInclude Include="GameTime.h" />
    <ClInclude Include="XmlWorldParser.h" />
    <ClInclude Include="XmlEntityParser.h" />
    <ClInclude Include="XmlSectorParser.h" />
    <ClInclude Include="XmlPrimitiveParser.h" />
    <ClInclude Include="Entity.h" />
    <ClInclude Include="Action.h" />
    <ClInclude Include="ActionList.h" />
    <ClInclude Include="ActionListIf.h" />
    <ClInclude Include="XmlActionParser.h" />
    <ClInclude Include="XmlActionIfParser.h" />
    <ClInclude Include="ActionCreateAction.h" />
    <ClInclude Include="ActionDestroy.h" />
    <ClInclude Include="ActionExpression.h" />
    <ClInclude Include="XmlActionExpressionParser.h" />
    <ClInclude Include="EventPublisher.h" />
    <ClInclude Include="EventSubscriber.h" />
    <ClInclude Include="Event.h" />
    <ClInclude Include="EventQueue.h" />
  </ItemGroup>
  <ItemGroup>
    <ClCompile Include="pch.cpp" />
    <ClCompile Include="Foo.cpp" />
    <ClCompile Include="ReservationFunctor.cpp" />
    <ClCompile Include="DefaultHashFunctor.cpp" />
    <ClCompile Include="Datum.cpp" />
    <ClCompile Include="Scope.cpp" />
    <ClCompile Include="Attributed.cpp" />
    <ClCompile Include="IXmlParseHelper.cpp" />
    <ClCompile Include="XmlParseMaster.cpp" />
    <ClCompile Include="XmlTableParser.cpp" />
    <ClCompile Include="GameClock.cpp" />
    <ClCompile Include="GameTime.cpp" />
    <ClCompile Include="World.cpp" />
    <ClCompile Include="Sector.cpp" />
    <ClCompile Include="XmlWorldParser.cpp" />
    <ClCompile Include="WorldState.cpp" />
    <ClCompile Include="XmlEntityParser.cpp" />
    <ClCompile Include="XmlSectorParser.cpp" />
    <ClCompile Include="XmlPrimitiveParser.cpp" />
    <ClCompile Include="Action.cpp" />
    <ClCompile Include="ActionList.cpp" />
    <ClCompile Include="ActionListIf.cpp" />
    <ClCompile Include="XmlActionParser.cpp" />
    <ClCompile Include="XmlActionIfParser.cpp" />
    <ClCompile Include="ActionCreateAction.cpp" />
    <ClCompile Include="ActionDestroy.cpp" />
    <ClCompile Include="ActionExpression.cpp" />
    <ClCompile Include="XmlActionExpressionParser.cpp" />
    <ClCompile Include="EventPublisher.cpp" />
    <ClCompile Include="Entity.cpp" />
    <ClCompile Include="EventQueue.cpp" />
  </ItemGroup>
  <ItemGroup>
    <None Include="SList.inl" />
    <None Include="Vector.inl" />
    <None Include="Stack.inl" />
    <None Include="Hashmap.inl" />
    <None Include="Factory.inl" />
    <None Include="Event.inl" />
  </ItemGroup>
</Project>